
Microsoft Visual Studio Solution File, Format Version 12.00
# Visual Studio 15
VisualStudioVersion = 15.0.27428.2002
MinimumVisualStudioVersion = 10.0.40219.1
Project("{FAE04EC0-301F-11D3-BF4B-00C04F79EFBC}") = "SaveTheHuman - WPF", "SaveTheHuman - WPF\SaveTheHuman - WPF.csproj", "{2B8DA994-AE9E-4720-9706-3ECFE6BFE6E0}"
EndProject
Global
	GlobalSection(SolutionConfigurationPlatforms) = preSolution
		Debug|Any CPU = Debug|Any CPU
		Release|Any CPU = Release|Any CPU
	EndGlobalSection
	GlobalSection(ProjectConfigurationPlatforms) = postSolution
		{2B8DA994-AE9E-4720-9706-3ECFE6BFE6E0}.Debug|Any CPU.ActiveCfg = Debug|Any CPU
		{2B8DA994-AE9E-4720-9706-3ECFE6BFE6E0}.Debug|Any CPU.Build.0 = Debug|Any CPU
		{2B8DA994-AE9E-4720-9706-3ECFE6BFE6E0}.Release|Any CPU.ActiveCfg = Release|Any CPU
		{2B8DA994-AE9E-4720-9706-3ECFE6BFE6E0}.Release|Any CPU.Build.0 = Release|Any CPU
	EndGlobalSection
	GlobalSection(SolutionProperties) = preSolution
		HideSolutionNode = FALSE
	EndGlobalSection
	GlobalSection(ExtensibilityGlobals) = postSolution
		SolutionGuid = {A61DB557-A435-4FF7-87F4-AF3B5B843F26}
	EndGlobalSection
EndGlobal
